
Microsoft Visual Studio Solution File, Format Version 12.00
# Visual Studio Version 17
VisualStudioVersion = 17.7.34221.43
MinimumVisualStudioVersion = 10.0.40219.1
Project("{FAE04EC0-301F-11D3-BF4B-00C04F79EFBC}") = "Permission", "Permission\Permission.csproj", "{9F541FC5-318D-4978-A72A-B303D1966252}"
EndProject
Global
	GlobalSection(SolutionConfigurationPlatforms) = preSolution
		Debug|Any CPU = Debug|Any CPU
		Release|Any CPU = Release|Any CPU
	EndGlobalSection
	GlobalSection(ProjectConfigurationPlatforms) = postSolution
		{9F541FC5-318D-4978-A72A-B303D1966252}.Debug|Any CPU.ActiveCfg = Debug|Any CPU
		{9F541FC5-318D-4978-A72A-B303D1966252}.Debug|Any CPU.Build.0 = Debug|Any CPU
		{9F541FC5-318D-4978-A72A-B303D1966252}.Release|Any CPU.ActiveCfg = Release|Any CPU
		{9F541FC5-318D-4978-A72A-B303D1966252}.Release|Any CPU.Build.0 = Release|Any CPU
	EndGlobalSection
	GlobalSection(SolutionProperties) = preSolution
		HideSolutionNode = FALSE
	EndGlobalSection
	GlobalSection(ExtensibilityGlobals) = postSolution
		SolutionGuid = {2D69BDA5-E801-450B-A6CA-51BA3317E854}
	EndGlobalSection
EndGlobal
